
Microsoft Visual Studio Solution File, Format Version 12.00
# Visual Studio Version 17
VisualStudioVersion = 17.4.33122.133
MinimumVisualStudioVersion = 10.0.40219.1
Project("{FAE04EC0-301F-11D3-BF4B-00C04F79EFBC}") = "MemeIT", "MemeIT\MemeIT.csproj", "{80A96394-5EA7-43E7-A45C-056E9E18A711}"
EndProject
Global
	GlobalSection(SolutionConfigurationPlatforms) = preSolution
		Debug|Any CPU = Debug|Any CPU
		Release|Any CPU = Release|Any CPU
	EndGlobalSection
	GlobalSection(ProjectConfigurationPlatforms) = postSolution
		{80A96394-5EA7-43E7-A45C-056E9E18A711}.Debug|Any CPU.ActiveCfg = Debug|Any CPU
		{80A96394-5EA7-43E7-A45C-056E9E18A711}.Debug|Any CPU.Build.0 = Debug|Any CPU
		{80A96394-5EA7-43E7-A45C-056E9E18A711}.Release|Any CPU.ActiveCfg = Release|Any CPU
		{80A96394-5EA7-43E7-A45C-056E9E18A711}.Release|Any CPU.Build.0 = Release|Any CPU
	EndGlobalSection
	GlobalSection(SolutionProperties) = preSolution
		HideSolutionNode = FALSE
	EndGlobalSection
	GlobalSection(ExtensibilityGlobals) = postSolution
		SolutionGuid = {FBD11465-9405-4BCE-BF7D-1D8DB8A97BC3}
	EndGlobalSection
EndGlobal
